
Microsoft Visual Studio Solution File, Format Version 12.00
# Visual Studio Version 17
VisualStudioVersion = 17.14.36511.14 d17.14
MinimumVisualStudioVersion = 10.0.40219.1
Project("{8BC9CEB8-8B4A-11D0-8D11-00A0C91BC942}") = "categories_class", "categories_class.vcxproj", "{67152AAE-6097-4CAB-8371-17D3FAF02A10}"
EndProject
Global
	GlobalSection(SolutionConfigurationPlatforms) = preSolution
		Debug|x64 = Debug|x64
		Debug|x86 = Debug|x86
		Release|x64 = Release|x64
		Release|x86 = Release|x86
	EndGlobalSection
	GlobalSection(ProjectConfigurationPlatforms) = postSolution
		{67152AAE-6097-4CAB-8371-17D3FAF02A10}.Debug|x64.ActiveCfg = Debug|x64
		{67152AAE-6097-4CAB-8371-17D3FAF02A10}.Debug|x64.Build.0 = Debug|x64
		{67152AAE-6097-4CAB-8371-17D3FAF02A10}.Debug|x86.ActiveCfg = Debug|Win32
		{67152AAE-6097-4CAB-8371-17D3FAF02A10}.Debug|x86.Build.0 = Debug|Win32
		{67152AAE-6097-4CAB-8371-17D3FAF02A10}.Release|x64.ActiveCfg = Release|x64
		{67152AAE-6097-4CAB-8371-17D3FAF02A10}.Release|x64.Build.0 = Release|x64
		{67152AAE-6097-4CAB-8371-17D3FAF02A10}.Release|x86.ActiveCfg = Release|Win32
		{67152AAE-6097-4CAB-8371-17D3FAF02A10}.Release|x86.Build.0 = Release|Win32
	EndGlobalSection
	GlobalSection(SolutionProperties) = preSolution
		HideSolutionNode = FALSE
	EndGlobalSection
	GlobalSection(ExtensibilityGlobals) = postSolution
		SolutionGuid = {D00E85D2-CB23-4AF5-BF59-C5D8E01E4E15}
	EndGlobalSection
EndGlobal
